
Microsoft Visual Studio Solution File, Format Version 12.00
# Visual Studio Version 16
VisualStudioVersion = 16.0.31729.503
MinimumVisualStudioVersion = 10.0.40219.1
Project("{FAE04EC0-301F-11D3-BF4B-00C04F79EFBC}") = "Gmap.net test", "Gmap.net test\Gmap.net test.csproj", "{0D5BD004-FBCA-4250-B182-78D5AA744C5F}"
EndProject
Global
	GlobalSection(SolutionConfigurationPlatforms) = preSolution
		Debug|Any CPU = Debug|Any CPU
		Release|Any CPU = Release|Any CPU
	EndGlobalSection
	GlobalSection(ProjectConfigurationPlatforms) = postSolution
		{0D5BD004-FBCA-4250-B182-78D5AA744C5F}.Debug|Any CPU.ActiveCfg = Debug|Any CPU
		{0D5BD004-FBCA-4250-B182-78D5AA744C5F}.Debug|Any CPU.Build.0 = Debug|Any CPU
		{0D5BD004-FBCA-4250-B182-78D5AA744C5F}.Release|Any CPU.ActiveCfg = Release|Any CPU
		{0D5BD004-FBCA-4250-B182-78D5AA744C5F}.Release|Any CPU.Build.0 = Release|Any CPU
	EndGlobalSection
	GlobalSection(SolutionProperties) = preSolution
		HideSolutionNode = FALSE
	EndGlobalSection
	GlobalSection(ExtensibilityGlobals) = postSolution
		SolutionGuid = {EE3D3ECE-A4F8-4FD6-B710-4F4774861F8F}
	EndGlobalSection
EndGlobal
